// !$*UTF8*$!
{
	archiveVersion = 1;
	classes = {
	};
	objectVersion = 50;
	objects = {

/* Begin PBXBuildFile section */
		716C803C2750B84E00185873 /* AppDelegate.m in Sources */ = {isa = PBXBuildFile; fileRef = 716C803B2750B84E00185873 /* AppDelegate.m */; };
		716C803F2750B84E00185873 /* SceneDelegate.m in Sources */ = {isa = PBXBuildFile; fileRef = 716C803E2750B84E00185873 /* SceneDelegate.m */; };
		716C80422750B84E00185873 /* ViewController.m in Sources */ = {isa = PBXBuildFile; fileRef = 716C80412750B84E00185873 /* ViewController.m */; };
		716C80452750B84E00185873 /* Main.storyboard in Resources */ = {isa = PBXBuildFile; fileRef = 716C80432750B84E00185873 /* Main.storyboard */; };
		716C80472750B85200185873 /* Assets.xcassets in Resources */ = {isa = PBXBuildFile; fileRef = 716C80462750B85200185873 /* Assets.xcassets */; };
		716C804A2750B85200185873 /* LaunchScreen.storyboard in Resources */ = {isa = PBXBuildFile; fileRef = 716C80482750B85200185873 /* LaunchScreen.storyboard */; };
		716C804D2750B85200185873 /* main.m in Sources */ = {isa = PBXBuildFile; fileRef = 716C804C2750B85200185873 /* main.m */; };
		716C80572750B85200185873 /* tableViewDemoTests.m in Sources */ = {isa = PBXBuildFile; fileRef = 716C80562750B85200185873 /* tableViewDemoTests.m */; };
		716C80622750B85200185873 /* tableViewDemoUITests.m in Sources */ = {isa = PBXBuildFile; fileRef = 716C80612750B85200185873 /* tableViewDemoUITests.m */; };
/* End PBXBuildFile section */

/* Begin PBXContainerItemProxy section */
		716C80532750B85200185873 /* PBXContainerItemProxy */ = {
			isa = PBXContainerItemProxy;
			containerPortal = 716C802F2750B84E00185873 /* Project object */;
			proxyType = 1;
			remoteGlobalIDString = 716C80362750B84E00185873;
			remoteInfo = tableViewDemo;
		};
		716C805E2750B85200185873 /* PBXContainerItemProxy */ = {
			isa = PBXContainerItemProxy;
			containerPortal = 716C802F2750B84E00185873 /* Project object */;
			proxyType = 1;
			remoteGlobalIDString = 716C80362750B84E00185873;
			remoteInfo = tableViewDemo;
		};
/* End PBXContainerItemProxy section */

/* Begin PBXFileReference section */
		716C80372750B84E00185873 /* tableViewDemo.app */ = {isa = PBXFileReference; explicitFileType = wrapper.application; includeInIndex = 0; path = tableViewDemo.app; sourceTree = BUILT_PRODUCTS_DIR; };
		716C803A2750B84E00185873 /* AppDelegate.h */ = {isa = PBXFileReference; lastKnownFileType = sourcecode.c.h; path = AppDelegate.h; sourceTree = "<group>"; };
		716C803B2750B84E00185873 /* AppDelegate.m */ = {isa = PBXFileReference; lastKnownFileType = sourcecode.c.objc; path = AppDelegate.m; sourceTree = "<group>"; };
		716C803D2750B84E00185873 /* SceneDelegate.h */ = {isa = PBXFileReference; lastKnownFileType = sourcecode.c.h; path = SceneDelegate.h; sourceTree = "<group>"; };
		716C803E2750B84E00185873 /* SceneDelegate.m */ = {isa = PBXFileReference; lastKnownFileType = sourcecode.c.objc; path = SceneDelegate.m; sourceTree = "<group>"; };
		716C80402750B84E00185873 /* ViewController.h */ = {isa = PBXFileReference; lastKnownFileType = sourcecode.c.h; path = ViewController.h; sourceTree = "<group>"; };
		716C80412750B84E00185873 /* ViewController.m */ = {isa = PBXFileReference; lastKnownFileType = sourcecode.c.objc; path = ViewController.m; sourceTree = "<group>"; };
		716C80442750B84E00185873 /* Base */ = {isa = PBXFileReference; lastKnownFileType = file.storyboard; name = Base; path = Base.lproj/Main.storyboard; sourceTree = "<group>"; };
		716C80462750B85200185873 /* Assets.xcassets */ = {isa = PBXFileReference; lastKnownFileType = folder.assetcatalog; path = Assets.xcassets; sourceTree = "<group>"; };
		716C80492750B85200185873 /* Base */ = {isa = PBXFileReference; lastKnownFileType = file.storyboard; name = Base; path = Base.lproj/LaunchScreen.storyboard; sourceTree = "<group>"; };
		716C804B2750B85200185873 /* Info.plist */ = {isa = PBXFileReference; lastKnownFileType = text.plist.xml; path = Info.plist; sourceTree = "<group>"; };
		716C804C2750B85200185873 /* main.m */ = {isa = PBXFileReference; lastKnownFileType = sourcecode.c.objc; path = main.m; sourceTree = "<group>"; };
		716C80522750B85200185873 /* tableViewDemoTests.xctest */ = {isa = PBXFileReference; explicitFileType = wrapper.cfbundle; includeInIndex = 0; path = tableViewDemoTests.xctest; sourceTree = BUILT_PRODUCTS_DIR; };
		716C80562750B85200185873 /* tableViewDemoTests.m */ = {isa = PBXFileReference; lastKnownFileType = sourcecode.c.objc; path = tableViewDemoTests.m; sourceTree = "<group>"; };
		716C80582750B85200185873 /* Info.plist */ = {isa = PBXFileReference; lastKnownFileType = text.plist.xml; path = Info.plist; sourceTree = "<group>"; };
		716C805D2750B85200185873 /* tableViewDemoUITests.xctest */ = {isa = PBXFileReference; explicitFileType = wrapper.cfbundle; includeInIndex = 0; path = tableViewDemoUITests.xctest; sourceTree = BUILT_PRODUCTS_DIR; };
		716C80612750B85200185873 /* tableViewDemoUITests.m */ = {isa = PBXFileReference; lastKnownFileType = sourcecode.c.objc; path = tableViewDemoUITests.m; sourceTree = "<group>"; };
		716C80632750B85200185873 /* Info.plist */ = {isa = PBXFileReference; lastKnownFileType = text.plist.xml; path = Info.plist; sourceTree = "<group>"; };
/* End PBXFileReference section */

/* Begin PBXFrameworksBuildPhase section */
		716C80342750B84E00185873 /* Frameworks */ = {
			isa = PBXFrameworksBuildPhase;
			buildActionMask = 2147483647;
			files = (
			);
			runOnlyForDeploymentPostprocessing = 0;
		};
		716C804F2750B85200185873 /* Frameworks */ = {
			isa = PBXFrameworksBuildPhase;
			buildActionMask = 2147483647;
			files = (
			);
			runOnlyForDeploymentPostprocessing = 0;
		};
		716C805A2750B85200185873 /* Frameworks */ = {
			isa = PBXFrameworksBuildPhase;
			buildActionMask = 2147483647;
			files = (
			);
			runOnlyForDeploymentPostprocessing = 0;
		};
/* End PBXFrameworksBuildPhase section */

/* Begin PBXGroup section */
		716C802E2750B84E00185873 = {
			isa = PBXGroup;
			children = (
				716C80392750B84E00185873 /* tableViewDemo */,
				716C80552750B85200185873 /* tableViewDemoTests */,
				716C80602750B85200185873 /* tableViewDemoUITests */,
				716C80382750B84E00185873 /* Products */,
			);
			sourceTree = "<group>";
		};
		716C80382750B84E00185873 /* Products */ = {
			isa = PBXGroup;
			children = (
				716C80372750B84E00185873 /* tableViewDemo.app */,
				716C80522750B85200185873 /* tableViewDemoTests.xctest */,
				716C805D2750B85200185873 /* tableViewDemoUITests.xctest */,
			);
			name = Products;
			sourceTree = "<group>";
		};
		716C80392750B84E00185873 /* tableViewDemo */ = {
			isa = PBXGroup;
			children = (
				716C803A2750B84E00185873 /* AppDelegate.h */,
				716C803B2750B84E00185873 /* AppDelegate.m */,
				716C803D2750B84E00185873 /* SceneDelegate.h */,
				716C803E2750B84E00185873 /* SceneDelegate.m */,
				716C80402750B84E00185873 /* ViewController.h */,
				716C80412750B84E00185873 /* ViewController.m */,
				716C80432750B84E00185873 /* Main.storyboard */,
				716C80462750B85200185873 /* Assets.xcassets */,
				716C80482750B85200185873 /* LaunchScreen.storyboard */,
				716C804B2750B85200185873 /* Info.plist */,
				716C804C2750B85200185873 /* main.m */,
			);
			path = tableViewDemo;
			sourceTree = "<group>";
		};
		716C80552750B85200185873 /* tableViewDemoTests */ = {
			isa = PBXGroup;
			children = (
				716C80562750B85200185873 /* tableViewDemoTests.m */,
				716C80582750B85200185873 /* Info.plist */,
			);
			path = tableViewDemoTests;
			sourceTree = "<group>";
		};
		716C80602750B85200185873 /* tableViewDemoUITests */ = {
			isa = PBXGroup;
			children = (
				716C80612750B85200185873 /* tableViewDemoUITests.m */,
				716C80632750B85200185873 /* Info.plist */,
			);
			path = tableViewDemoUITests;
			sourceTree = "<group>";
		};
/* End PBXGroup section */

/* Begin PBXNativeTarget section */
		716C80362750B84E00185873 /* tableViewDemo */ = {
			isa = PBXNativeTarget;
			buildConfigurationList = 716C80662750B85200185873 /* Build configuration list for PBXNativeTarget "tableViewDemo" */;
			buildPhases = (
				716C80332750B84E00185873 /* Sources */,
				716C80342750B84E00185873 /* Frameworks */,
				716C80352750B84E00185873 /* Resources */,
			);
			buildRules = (
			);
			dependencies = (
			);
			name = tableViewDemo;
			productName = tableViewDemo;
			productReference = 716C80372750B84E00185873 /* tableViewDemo.app */;
			productType = "com.apple.product-type.application";
		};
		716C80512750B85200185873 /* tableViewDemoTests */ = {
			isa = PBXNativeTarget;
			buildConfigurationList = 716C80692750B85200185873 /* Build configuration list for PBXNativeTarget "tableViewDemoTests" */;
			buildPhases = (
				716C804E2750B85200185873 /* Sources */,
				716C804F2750B85200185873 /* Frameworks */,
				716C80502750B85200185873 /* Resources */,
			);
			buildRules = (
			);
			dependencies = (
				716C80542750B85200185873 /* PBXTargetDependency */,
			);
			name = tableViewDemoTests;
			productName = tableViewDemoTests;
			productReference = 716C80522750B85200185873 /* tableViewDemoTests.xctest */;
			productType = "com.apple.product-type.bundle.unit-test";
		};
		716C805C2750B85200185873 /* tableViewDemoUITests */ = {
			isa = PBXNativeTarget;
			buildConfigurationList = 716C806C2750B85200185873 /* Build configuration list for PBXNativeTarget "tableViewDemoUITests" */;
			buildPhases = (
				716C80592750B85200185873 /* Sources */,
				716C805A2750B85200185873 /* Frameworks */,
				716C805B2750B85200185873 /* Resources */,
			);
			buildRules = (
			);
			dependencies = (
				716C805F2750B85200185873 /* PBXTargetDependency */,
			);
			name = tableViewDemoUITests;
			productName = tableViewDemoUITests;
			productReference = 716C805D2750B85200185873 /* tableViewDemoUITests.xctest */;
			productType = "com.apple.product-type.bundle.ui-testing";
		};
/* End PBXNativeTarget section */

/* Begin PBXProject section */
		716C802F2750B84E00185873 /* Project object */ = {
			isa = PBXProject;
			attributes = {
				LastUpgradeCheck = 1250;
				TargetAttributes = {
					716C80362750B84E00185873 = {
						CreatedOnToolsVersion = 12.5;
					};
					716C80512750B85200185873 = {
						CreatedOnToolsVersion = 12.5;
						TestTargetID = 716C80362750B84E00185873;
					};
					716C805C2750B85200185873 = {
						CreatedOnToolsVersion = 12.5;
						TestTargetID = 716C80362750B84E00185873;
					};
				};
			};
			buildConfigurationList = 716C80322750B84E00185873 /* Build configuration list for PBXProject "tableViewDemo" */;
			compatibilityVersion = "Xcode 9.3";
			developmentRegion = en;
			hasScannedForEncodings = 0;
			knownRegions = (
				en,
				Base,
			);
			mainGroup = 716C802E2750B84E00185873;
			productRefGroup = 716C80382750B84E00185873 /* Products */;
			projectDirPath = "";
			projectRoot = "";
			targets = (
				716C80362750B84E00185873 /* tableViewDemo */,
				716C80512750B85200185873 /* tableViewDemoTests */,
				716C805C2750B85200185873 /* tableViewDemoUITests */,
			);
		};
/* End PBXProject section */

/* Begin PBXResourcesBuildPhase section */
		716C80352750B84E00185873 /* Resources */ = {
			isa = PBXResourcesBuildPhase;
			buildActionMask = 2147483647;
			files = (
				716C804A2750B85200185873 /* LaunchScreen.storyboard in Resources */,
				716C80472750B85200185873 /* Assets.xcassets in Resources */,
				716C80452750B84E00185873 /* Main.storyboard in Resources */,
			);
			runOnlyForDeploymentPostprocessing = 0;
		};
		716C80502750B85200185873 /* Resources */ = {
			isa = PBXResourcesBuildPhase;
			buildActionMask = 2147483647;
			files = (
			);
			runOnlyForDeploymentPostprocessing = 0;
		};
		716C805B2750B85200185873 /* Resources */ = {
			isa = PBXResourcesBuildPhase;
			buildActionMask = 2147483647;
			files = (
			);
			runOnlyForDeploymentPostprocessing = 0;
		};
/* End PBXResourcesBuildPhase section */

/* Begin PBXSourcesBuildPhase section */
		716C80332750B84E00185873 /* Sources */ = {
			isa = PBXSourcesBuildPhase;
			buildActionMask = 2147483647;
			files = (
				716C80422750B84E00185873 /* ViewController.m in Sources */,
				716C803C2750B84E00185873 /* AppDelegate.m in Sources */,
				716C804D2750B85200185873 /* main.m in Sources */,
				716C803F2750B84E00185873 /* SceneDelegate.m in Sources */,
			);
			runOnlyForDeploymentPostprocessing = 0;
		};
		716C804E2750B85200185873 /* Sources */ = {
			isa = PBXSourcesBuildPhase;
			buildActionMask = 2147483647;
			files = (
				716C80572750B85200185873 /* tableViewDemoTests.m in Sources */,
			);
			runOnlyForDeploymentPostprocessing = 0;
		};
		716C80592750B85200185873 /* Sources */ = {
			isa = PBXSourcesBuildPhase;
			buildActionMask = 2147483647;
			files = (
				716C80622750B85200185873 /* tableViewDemoUITests.m in Sources */,
			);
			runOnlyForDeploymentPostprocessing = 0;
		};
/* End PBXSourcesBuildPhase section */

/* Begin PBXTargetDependency section */
		716C80542750B85200185873 /* PBXTargetDependency */ = {
			isa = PBXTargetDependency;
			target = 716C80362750B84E00185873 /* tableViewDemo */;
			targetProxy = 716C80532750B85200185873 /* PBXContainerItemProxy */;
		};
		716C805F2750B85200185873 /* PBXTargetDependency */ = {
			isa = PBXTargetDependency;
			target = 716C80362750B84E00185873 /* tableViewDemo */;
			targetProxy = 716C805E2750B85200185873 /* PBXContainerItemProxy */;
		};
/* End PBXTargetDependency section */

/* Begin PBXVariantGroup section */
		716C80432750B84E00185873 /* Main.storyboard */ = {
			isa = PBXVariantGroup;
			children = (
				716C80442750B84E00185873 /* Base */,
			);
			name = Main.storyboard;
			sourceTree = "<group>";
		};
		716C80482750B85200185873 /* LaunchScreen.storyboard */ = {
			isa = PBXVariantGroup;
			children = (
				716C80492750B85200185873 /* Base */,
			);
			name = LaunchScreen.storyboard;
			sourceTree = "<group>";
		};
/* End PBXVariantGroup section */

/* Begin XCBuildConfiguration section */
		716C80642750B85200185873 /* Debug */ = {
			isa = XCBuildConfiguration;
			buildSettings = {
				ALWAYS_SEARCH_USER_PATHS = NO;
				CLANG_ANALYZER_NONNULL = YES;
				CLANG_ANALYZER_NUMBER_OBJECT_CONVERSION = YES_AGGRESSIVE;
				CLANG_CXX_LANGUAGE_STANDARD = "gnu++14";
				CLANG_CXX_LIBRARY = "libc++";
				CLANG_ENABLE_MODULES = YES;
				CLANG_ENABLE_OBJC_ARC = YES;
				CLANG_ENABLE_OBJC_WEAK = YES;
				CLANG_WARN_BLOCK_CAPTURE_AUTORELEASING = YES;
				CLANG_WARN_BOOL_CONVERSION = YES;
				CLANG_WARN_COMMA = YES;
				CLANG_WARN_CONSTANT_CONVERSION = YES;
				CLANG_WARN_DEPRECATED_OBJC_IMPLEMENTATIONS = YES;
				CLANG_WARN_DIRECT_OBJC_ISA_USAGE = YES_ERROR;
				CLANG_WARN_DOCUMENTATION_COMMENTS = YES;
				CLANG_WARN_EMPTY_BODY = YES;
				CLANG_WARN_ENUM_CONVERSION = YES;
				CLANG_WARN_INFINITE_RECURSION = YES;
				CLANG_WARN_INT_CONVERSION = YES;
				CLANG_WARN_NON_LITERAL_NULL_CONVERSION = YES;
				CLANG_WARN_OBJC_IMPLICIT_RETAIN_SELF = YES;
				CLANG_WARN_OBJC_LITERAL_CONVERSION = YES;
				CLANG_WARN_OBJC_ROOT_CLASS = YES_ERROR;
				CLANG_WARN_QUOTED_INCLUDE_IN_FRAMEWORK_HEADER = YES;
				CLANG_WARN_RANGE_LOOP_ANALYSIS = YES;
				CLANG_WARN_STRICT_PROTOTYPES = YES;
				CLANG_WARN_SUSPICIOUS_MOVE = YES;
				CLANG_WARN_UNGUARDED_AVAILABILITY = YES_AGGRESSIVE;
				CLANG_WARN_UNREACHABLE_CODE = YES;
				CLANG_WARN__DUPLICATE_METHOD_MATCH = YES;
				COPY_PHASE_STRIP = NO;
				DEBUG_INFORMATION_FORMAT = dwarf;
				ENABLE_STRICT_OBJC_MSGSEND = YES;
				ENABLE_TESTABILITY = YES;
				GCC_C_LANGUAGE_STANDARD = gnu11;
				GCC_DYNAMIC_NO_PIC = NO;
				GCC_NO_COMMON_BLOCKS = YES;
				GCC_OPTIMIZATION_LEVEL = 0;
				GCC_PREPROCESSOR_DEFINITIONS = (
					"DEBUG=1",
					"$(inherited)",
				);
				GCC_WARN_64_TO_32_BIT_CONVERSION = YES;
				GCC_WARN_ABOUT_RETURN_TYPE = YES_ERROR;
				GCC_WARN_UNDECLARED_SELECTOR = YES;
				GCC_WARN_UNINITIALIZED_AUTOS = YES_AGGRESSIVE;
				GCC_WARN_UNUSED_FUNCTION = YES;
				GCC_WARN_UNUSED_VARIABLE = YES;
				IPHONEOS_DEPLOYMENT_TARGET = 14.5;
				MTL_ENABLE_DEBUG_INFO = INCLUDE_SOURCE;
				MTL_FAST_MATH = YES;
				ONLY_ACTIVE_ARCH = YES;
				SDKROOT = iphoneos;
			};
			name = Debug;
		};
		716C80652750B85200185873 /* Release */ = {
			isa = XCBuildConfiguration;
			buildSettings = {
				ALWAYS_SEARCH_USER_PATHS = NO;
				CLANG_ANALYZER_NONNULL = YES;
				CLANG_ANALYZER_NUMBER_OBJECT_CONVERSION = YES_AGGRESSIVE;
				CLANG_CXX_LANGUAGE_STANDARD = "gnu++14";
				CLANG_CXX_LIBRARY = "libc++";
				CLANG_ENABLE_MODULES = YES;
				CLANG_ENABLE_OBJC_ARC = YES;
				CLANG_ENABLE_OBJC_WEAK = YES;
				CLANG_WARN_BLOCK_CAPTURE_AUTORELEASING = YES;
				CLANG_WARN_BOOL_CONVERSION = YES;
				CLANG_WARN_COMMA = YES;
				CLANG_WARN_CONSTANT_CONVERSION = YES;
				CLANG_WARN_DEPRECATED_OBJC_IMPLEMENTATIONS = YES;
				CLANG_WARN_DIRECT_OBJC_ISA_USAGE = YES_ERROR;
				CLANG_WARN_DOCUMENTATION_COMMENTS = YES;
				CLANG_WARN_EMPTY_BODY = YES;
				CLANG_WARN_ENUM_CONVERSION = YES;
				CLANG_WARN_INFINITE_RECURSION = YES;
				CLANG_WARN_INT_CONVERSION = YES;
				CLANG_WARN_NON_LITERAL_NULL_CONVERSION = YES;
				CLANG_WARN_OBJC_IMPLICIT_RETAIN_SELF = YES;
				CLANG_WARN_OBJC_LITERAL_CONVERSION = YES;
				CLANG_WARN_OBJC_ROOT_CLASS = YES_ERROR;
				CLANG_WARN_QUOTED_INCLUDE_IN_FRAMEWORK_HEADER = YES;
				CLANG_WARN_RANGE_LOOP_ANALYSIS = YES;
				CLANG_WARN_STRICT_PROTOTYPES = YES;
				CLANG_WARN_SUSPICIOUS_MOVE = YES;
				CLANG_WARN_UNGUARDED_AVAILABILITY = YES_AGGRESSIVE;
				CLANG_WARN_UNREACHABLE_CODE = YES;
				CLANG_WARN__DUPLICATE_METHOD_MATCH = YES;
				COPY_PHASE_STRIP = NO;
				DEBUG_INFORMATION_FORMAT = "dwarf-with-dsym";
				ENABLE_NS_ASSERTIONS = NO;
				ENABLE_STRICT_OBJC_MSGSEND = YES;
				GCC_C_LANGUAGE_STANDARD = gnu11;
				GCC_NO_COMMON_BLOCKS = YES;
				GCC_WARN_64_TO_32_BIT_CONVERSION = YES;
				GCC_WARN_ABOUT_RETURN_TYPE = YES_ERROR;
				GCC_WARN_UNDECLARED_SELECTOR = YES;
				GCC_WARN_UNINITIALIZED_AUTOS = YES_AGGRESSIVE;
				GCC_WARN_UNUSED_FUNCTION = YES;
				GCC_WARN_UNUSED_VARIABLE = YES;
				IPHONEOS_DEPLOYMENT_TARGET = 14.5;
				MTL_ENABLE_DEBUG_INFO = NO;
				MTL_FAST_MATH = YES;
				SDKROOT = iphoneos;
				VALIDATE_PRODUCT = YES;
			};
			name = Release;
		};
		716C80672750B85200185873 /* Debug */ = {
			isa = XCBuildConfiguration;
			buildSettings = {
				ASSETCATALOG_COMPILER_APPICON_NAME = AppIcon;
				ASSETCATALOG_COMPILER_GLOBAL_ACCENT_COLOR_NAME = AccentColor;
				CODE_SIGN_STYLE = Automatic;
				DEVELOPMENT_TEAM = R4FHX8TX87;
				INFOPLIST_FILE = tableViewDemo/Info.plist;
				IPHONEOS_DEPLOYMENT_TARGET = 10.2;
				LD_RUNPATH_SEARCH_PATHS = (
					"$(inherited)",
					"@executable_path/Frameworks",
				);
				PRODUCT_BUNDLE_IDENTIFIER = liuzhidong.tableViewDemo;
				PRODUCT_NAME = "$(TARGET_NAME)";
				TARGETED_DEVICE_FAMILY = "1,2";
			};
			name = Debug;
		};
		716C80682750B85200185873 /* Release */ = {
			isa = XCBuildConfiguration;
			buildSettings = {
				ASSETCATALOG_COMPILER_APPICON_NAME = AppIcon;
				ASSETCATALOG_COMPILER_GLOBAL_ACCENT_COLOR_NAME = AccentColor;
				CODE_SIGN_STYLE = Automatic;
				DEVELOPMENT_TEAM = R4FHX8TX87;
				INFOPLIST_FILE = tableViewDemo/Info.plist;
				IPHONEOS_DEPLOYMENT_TARGET = 10.2;
				LD_RUNPATH_SEARCH_PATHS = (
					"$(inherited)",
					"@executable_path/Frameworks",
				);
				PRODUCT_BUNDLE_IDENTIFIER = liuzhidong.tableViewDemo;
				PRODUCT_NAME = "$(TARGET_NAME)";
				TARGETED_DEVICE_FAMILY = "1,2";
			};
			name = Release;
		};
		716C806A2750B85200185873 /* Debug */ = {
			isa = XCBuildConfiguration;
			buildSettings = {
				BUNDLE_LOADER = "$(TEST_HOST)";
				CODE_SIGN_STYLE = Automatic;
				INFOPLIST_FILE = tableViewDemoTests/Info.plist;
				IPHONEOS_DEPLOYMENT_TARGET = 14.5;
				LD_RUNPATH_SEARCH_PATHS = (
					"$(inherited)",
					"@executable_path/Frameworks",
					"@loader_path/Frameworks",
				);
				PRODUCT_BUNDLE_IDENTIFIER = liuzhidong.tableViewDemoTests;
				PRODUCT_NAME = "$(TARGET_NAME)";
				TARGETED_DEVICE_FAMILY = "1,2";
				TEST_HOST = "$(BUILT_PRODUCTS_DIR)/tableViewDemo.app/tableViewDemo";
			};
			name = Debug;
		};
		716C806B2750B85200185873 /* Release */ = {
			isa = XCBuildConfiguration;
			buildSettings = {
				BUNDLE_LOADER = "$(TEST_HOST)";
				CODE_SIGN_STYLE = Automatic;
				INFOPLIST_FILE = tableViewDemoTests/Info.plist;
				IPHONEOS_DEPLOYMENT_TARGET = 14.5;
				LD_RUNPATH_SEARCH_PATHS = (
					"$(inherited)",
					"@executable_path/Frameworks",
					"@loader_path/Frameworks",
				);
				PRODUCT_BUNDLE_IDENTIFIER = liuzhidong.tableViewDemoTests;
				PRODUCT_NAME = "$(TARGET_NAME)";
				TARGETED_DEVICE_FAMILY = "1,2";
				TEST_HOST = "$(BUILT_PRODUCTS_DIR)/tableViewDemo.app/tableViewDemo";
			};
			name = Release;
		};
		716C806D2750B85200185873 /* Debug */ = {
			isa = XCBuildConfiguration;
			buildSettings = {
				CODE_SIGN_STYLE = Automatic;
				INFOPLIST_FILE = tableViewDemoUITests/Info.plist;
				LD_RUNPATH_SEARCH_PATHS = (
					"$(inherited)",
					"@executable_path/Frameworks",
					"@loader_path/Frameworks",
				);
				PRODUCT_BUNDLE_IDENTIFIER = liuzhidong.tableViewDemoUITests;
				PRODUCT_NAME = "$(TARGET_NAME)";
				TARGETED_DEVICE_FAMILY = "1,2";
				TEST_TARGET_NAME = tableViewDemo;
			};
			name = Debug;
		};
		716C806E2750B85200185873 /* Release */ = {
			isa = XCBuildConfiguration;
			buildSettings = {
				CODE_SIGN_STYLE = Automatic;
				INFOPLIST_FILE = tableViewDemoUITests/Info.plist;
				LD_RUNPATH_SEARCH_PATHS = (
					"$(inherited)",
					"@executable_path/Frameworks",
					"@loader_path/Frameworks",
				);
				PRODUCT_BUNDLE_IDENTIFIER = liuzhidong.tableViewDemoUITests;
				PRODUCT_NAME = "$(TARGET_NAME)";
				TARGETED_DEVICE_FAMILY = "1,2";
				TEST_TARGET_NAME = tableViewDemo;
			};
			name = Release;
		};
/* End XCBuildConfiguration section */

/* Begin XCConfigurationList section */
		716C80322750B84E00185873 /* Build configuration list for PBXProject "tableViewDemo" */ = {
			isa = XCConfigurationList;
			buildConfigurations = (
				716C80642750B85200185873 /* Debug */,
				716C80652750B85200185873 /* Release */,
			);
			defaultConfigurationIsVisible = 0;
			defaultConfigurationName = Release;
		};
		716C80662750B85200185873 /* Build configuration list for PBXNativeTarget "tableViewDemo" */ = {
			isa = XCConfigurationList;
			buildConfigurations = (
				716C80672750B85200185873 /* Debug */,
				716C80682750B85200185873 /* Release */,
			);
			defaultConfigurationIsVisible = 0;
			defaultConfigurationName = Release;
		};
		716C80692750B85200185873 /* Build configuration list for PBXNativeTarget "tableViewDemoTests" */ = {
			isa = XCConfigurationList;
			buildConfigurations = (
				716C806A2750B85200185873 /* Debug */,
				716C806B2750B85200185873 /* Release */,
			);
			defaultConfigurationIsVisible = 0;
			defaultConfigurationName = Release;
		};
		716C806C2750B85200185873 /* Build configuration list for PBXNativeTarget "tableViewDemoUITests" */ = {
			isa = XCConfigurationList;
			buildConfigurations = (
				716C806D2750B85200185873 /* Debug */,
				716C806E2750B85200185873 /* Release */,
			);
			defaultConfigurationIsVisible = 0;
			defaultConfigurationName = Release;
		};
/* End XCConfigurationList section */
	};
	rootObject = 716C802F2750B84E00185873 /* Project object */;
}
