// !$*UTF8*$!
{
	archiveVersion = 1;
	classes = {
	};
	objectVersion = 50;
	objects = {

/* Begin PBXBuildFile section */
		71300B16276719FB007AF322 /* AppDelegate.m in Sources */ = {isa = PBXBuildFile; fileRef = 71300B15276719FB007AF322 /* AppDelegate.m */; };
		71300B19276719FB007AF322 /* SceneDelegate.m in Sources */ = {isa = PBXBuildFile; fileRef = 71300B18276719FB007AF322 /* SceneDelegate.m */; };
		71300B1C276719FB007AF322 /* ViewController.m in Sources */ = {isa = PBXBuildFile; fileRef = 71300B1B276719FB007AF322 /* ViewController.m */; };
		71300B1F276719FB007AF322 /* Main.storyboard in Resources */ = {isa = PBXBuildFile; fileRef = 71300B1D276719FB007AF322 /* Main.storyboard */; };
		71300B21276719FC007AF322 /* Assets.xcassets in Resources */ = {isa = PBXBuildFile; fileRef = 71300B20276719FC007AF322 /* Assets.xcassets */; };
		71300B24276719FC007AF322 /* LaunchScreen.storyboard in Resources */ = {isa = PBXBuildFile; fileRef = 71300B22276719FC007AF322 /* LaunchScreen.storyboard */; };
		71300B27276719FC007AF322 /* main.m in Sources */ = {isa = PBXBuildFile; fileRef = 71300B26276719FC007AF322 /* main.m */; };
/* End PBXBuildFile section */

/* Begin PBXFileReference section */
		71300B11276719FB007AF322 /* 多线程练习Demo.app */ = {isa = PBXFileReference; explicitFileType = wrapper.application; includeInIndex = 0; path = "多线程练习Demo.app"; sourceTree = BUILT_PRODUCTS_DIR; };
		71300B14276719FB007AF322 /* AppDelegate.h */ = {isa = PBXFileReference; lastKnownFileType = sourcecode.c.h; path = AppDelegate.h; sourceTree = "<group>"; };
		71300B15276719FB007AF322 /* AppDelegate.m */ = {isa = PBXFileReference; lastKnownFileType = sourcecode.c.objc; path = AppDelegate.m; sourceTree = "<group>"; };
		71300B17276719FB007AF322 /* SceneDelegate.h */ = {isa = PBXFileReference; lastKnownFileType = sourcecode.c.h; path = SceneDelegate.h; sourceTree = "<group>"; };
		71300B18276719FB007AF322 /* SceneDelegate.m */ = {isa = PBXFileReference; lastKnownFileType = sourcecode.c.objc; path = SceneDelegate.m; sourceTree = "<group>"; };
		71300B1A276719FB007AF322 /* ViewController.h */ = {isa = PBXFileReference; lastKnownFileType = sourcecode.c.h; path = ViewController.h; sourceTree = "<group>"; };
		71300B1B276719FB007AF322 /* ViewController.m */ = {isa = PBXFileReference; lastKnownFileType = sourcecode.c.objc; path = ViewController.m; sourceTree = "<group>"; };
		71300B1E276719FB007AF322 /* Base */ = {isa = PBXFileReference; lastKnownFileType = file.storyboard; name = Base; path = Base.lproj/Main.storyboard; sourceTree = "<group>"; };
		71300B20276719FC007AF322 /* Assets.xcassets */ = {isa = PBXFileReference; lastKnownFileType = folder.assetcatalog; path = Assets.xcassets; sourceTree = "<group>"; };
		71300B23276719FC007AF322 /* Base */ = {isa = PBXFileReference; lastKnownFileType = file.storyboard; name = Base; path = Base.lproj/LaunchScreen.storyboard; sourceTree = "<group>"; };
		71300B25276719FC007AF322 /* Info.plist */ = {isa = PBXFileReference; lastKnownFileType = text.plist.xml; path = Info.plist; sourceTree = "<group>"; };
		71300B26276719FC007AF322 /* main.m */ = {isa = PBXFileReference; lastKnownFileType = sourcecode.c.objc; path = main.m; sourceTree = "<group>"; };
/* End PBXFileReference section */

/* Begin PBXFrameworksBuildPhase section */
		71300B0E276719FB007AF322 /* Frameworks */ = {
			isa = PBXFrameworksBuildPhase;
			buildActionMask = 2147483647;
			files = (
			);
			runOnlyForDeploymentPostprocessing = 0;
		};
/* End PBXFrameworksBuildPhase section */

/* Begin PBXGroup section */
		71300B08276719FB007AF322 = {
			isa = PBXGroup;
			children = (
				71300B13276719FB007AF322 /* 多线程练习Demo */,
				71300B12276719FB007AF322 /* Products */,
			);
			sourceTree = "<group>";
		};
		71300B12276719FB007AF322 /* Products */ = {
			isa = PBXGroup;
			children = (
				71300B11276719FB007AF322 /* 多线程练习Demo.app */,
			);
			name = Products;
			sourceTree = "<group>";
		};
		71300B13276719FB007AF322 /* 多线程练习Demo */ = {
			isa = PBXGroup;
			children = (
				71300B14276719FB007AF322 /* AppDelegate.h */,
				71300B15276719FB007AF322 /* AppDelegate.m */,
				71300B17276719FB007AF322 /* SceneDelegate.h */,
				71300B18276719FB007AF322 /* SceneDelegate.m */,
				71300B1A276719FB007AF322 /* ViewController.h */,
				71300B1B276719FB007AF322 /* ViewController.m */,
				71300B1D276719FB007AF322 /* Main.storyboard */,
				71300B20276719FC007AF322 /* Assets.xcassets */,
				71300B22276719FC007AF322 /* LaunchScreen.storyboard */,
				71300B25276719FC007AF322 /* Info.plist */,
				71300B26276719FC007AF322 /* main.m */,
			);
			path = "多线程练习Demo";
			sourceTree = "<group>";
		};
/* End PBXGroup section */

/* Begin PBXNativeTarget section */
		71300B10276719FB007AF322 /* 多线程练习Demo */ = {
			isa = PBXNativeTarget;
			buildConfigurationList = 71300B2A276719FC007AF322 /* Build configuration list for PBXNativeTarget "多线程练习Demo" */;
			buildPhases = (
				71300B0D276719FB007AF322 /* Sources */,
				71300B0E276719FB007AF322 /* Frameworks */,
				71300B0F276719FB007AF322 /* Resources */,
			);
			buildRules = (
			);
			dependencies = (
			);
			name = "多线程练习Demo";
			productName = "多线程练习Demo";
			productReference = 71300B11276719FB007AF322 /* 多线程练习Demo.app */;
			productType = "com.apple.product-type.application";
		};
/* End PBXNativeTarget section */

/* Begin PBXProject section */
		71300B09276719FB007AF322 /* Project object */ = {
			isa = PBXProject;
			attributes = {
				LastUpgradeCheck = 1250;
				TargetAttributes = {
					71300B10276719FB007AF322 = {
						CreatedOnToolsVersion = 12.5;
					};
				};
			};
			buildConfigurationList = 71300B0C276719FB007AF322 /* Build configuration list for PBXProject "多线程练习Demo" */;
			compatibilityVersion = "Xcode 9.3";
			developmentRegion = en;
			hasScannedForEncodings = 0;
			knownRegions = (
				en,
				Base,
			);
			mainGroup = 71300B08276719FB007AF322;
			productRefGroup = 71300B12276719FB007AF322 /* Products */;
			projectDirPath = "";
			projectRoot = "";
			targets = (
				71300B10276719FB007AF322 /* 多线程练习Demo */,
			);
		};
/* End PBXProject section */

/* Begin PBXResourcesBuildPhase section */
		71300B0F276719FB007AF322 /* Resources */ = {
			isa = PBXResourcesBuildPhase;
			buildActionMask = 2147483647;
			files = (
				71300B24276719FC007AF322 /* LaunchScreen.storyboard in Resources */,
				71300B21276719FC007AF322 /* Assets.xcassets in Resources */,
				71300B1F276719FB007AF322 /* Main.storyboard in Resources */,
			);
			runOnlyForDeploymentPostprocessing = 0;
		};
/* End PBXResourcesBuildPhase section */

/* Begin PBXSourcesBuildPhase section */
		71300B0D276719FB007AF322 /* Sources */ = {
			isa = PBXSourcesBuildPhase;
			buildActionMask = 2147483647;
			files = (
				71300B1C276719FB007AF322 /* ViewController.m in Sources */,
				71300B16276719FB007AF322 /* AppDelegate.m in Sources */,
				71300B27276719FC007AF322 /* main.m in Sources */,
				71300B19276719FB007AF322 /* SceneDelegate.m in Sources */,
			);
			runOnlyForDeploymentPostprocessing = 0;
		};
/* End PBXSourcesBuildPhase section */

/* Begin PBXVariantGroup section */
		71300B1D276719FB007AF322 /* Main.storyboard */ = {
			isa = PBXVariantGroup;
			children = (
				71300B1E276719FB007AF322 /* Base */,
			);
			name = Main.storyboard;
			sourceTree = "<group>";
		};
		71300B22276719FC007AF322 /* LaunchScreen.storyboard */ = {
			isa = PBXVariantGroup;
			children = (
				71300B23276719FC007AF322 /* Base */,
			);
			name = LaunchScreen.storyboard;
			sourceTree = "<group>";
		};
/* End PBXVariantGroup section */

/* Begin XCBuildConfiguration section */
		71300B28276719FC007AF322 /* Debug */ = {
			isa = XCBuildConfiguration;
			buildSettings = {
				ALWAYS_SEARCH_USER_PATHS = NO;
				CLANG_ANALYZER_NONNULL = YES;
				CLANG_ANALYZER_NUMBER_OBJECT_CONVERSION = YES_AGGRESSIVE;
				CLANG_CXX_LANGUAGE_STANDARD = "gnu++14";
				CLANG_CXX_LIBRARY = "libc++";
				CLANG_ENABLE_MODULES = YES;
				CLANG_ENABLE_OBJC_ARC = YES;
				CLANG_ENABLE_OBJC_WEAK = YES;
				CLANG_WARN_BLOCK_CAPTURE_AUTORELEASING = YES;
				CLANG_WARN_BOOL_CONVERSION = YES;
				CLANG_WARN_COMMA = YES;
				CLANG_WARN_CONSTANT_CONVERSION = YES;
				CLANG_WARN_DEPRECATED_OBJC_IMPLEMENTATIONS = YES;
				CLANG_WARN_DIRECT_OBJC_ISA_USAGE = YES_ERROR;
				CLANG_WARN_DOCUMENTATION_COMMENTS = YES;
				CLANG_WARN_EMPTY_BODY = YES;
				CLANG_WARN_ENUM_CONVERSION = YES;
				CLANG_WARN_INFINITE_RECURSION = YES;
				CLANG_WARN_INT_CONVERSION = YES;
				CLANG_WARN_NON_LITERAL_NULL_CONVERSION = YES;
				CLANG_WARN_OBJC_IMPLICIT_RETAIN_SELF = YES;
				CLANG_WARN_OBJC_LITERAL_CONVERSION = YES;
				CLANG_WARN_OBJC_ROOT_CLASS = YES_ERROR;
				CLANG_WARN_QUOTED_INCLUDE_IN_FRAMEWORK_HEADER = YES;
				CLANG_WARN_RANGE_LOOP_ANALYSIS = YES;
				CLANG_WARN_STRICT_PROTOTYPES = YES;
				CLANG_WARN_SUSPICIOUS_MOVE = YES;
				CLANG_WARN_UNGUARDED_AVAILABILITY = YES_AGGRESSIVE;
				CLANG_WARN_UNREACHABLE_CODE = YES;
				CLANG_WARN__DUPLICATE_METHOD_MATCH = YES;
				COPY_PHASE_STRIP = NO;
				DEBUG_INFORMATION_FORMAT = dwarf;
				ENABLE_STRICT_OBJC_MSGSEND = YES;
				ENABLE_TESTABILITY = YES;
				GCC_C_LANGUAGE_STANDARD = gnu11;
				GCC_DYNAMIC_NO_PIC = NO;
				GCC_NO_COMMON_BLOCKS = YES;
				GCC_OPTIMIZATION_LEVEL = 0;
				GCC_PREPROCESSOR_DEFINITIONS = (
					"DEBUG=1",
					"$(inherited)",
				);
				GCC_WARN_64_TO_32_BIT_CONVERSION = YES;
				GCC_WARN_ABOUT_RETURN_TYPE = YES_ERROR;
				GCC_WARN_UNDECLARED_SELECTOR = YES;
				GCC_WARN_UNINITIALIZED_AUTOS = YES_AGGRESSIVE;
				GCC_WARN_UNUSED_FUNCTION = YES;
				GCC_WARN_UNUSED_VARIABLE = YES;
				IPHONEOS_DEPLOYMENT_TARGET = 14.5;
				MTL_ENABLE_DEBUG_INFO = INCLUDE_SOURCE;
				MTL_FAST_MATH = YES;
				ONLY_ACTIVE_ARCH = YES;
				SDKROOT = iphoneos;
			};
			name = Debug;
		};
		71300B29276719FC007AF322 /* Release */ = {
			isa = XCBuildConfiguration;
			buildSettings = {
				ALWAYS_SEARCH_USER_PATHS = NO;
				CLANG_ANALYZER_NONNULL = YES;
				CLANG_ANALYZER_NUMBER_OBJECT_CONVERSION = YES_AGGRESSIVE;
				CLANG_CXX_LANGUAGE_STANDARD = "gnu++14";
				CLANG_CXX_LIBRARY = "libc++";
				CLANG_ENABLE_MODULES = YES;
				CLANG_ENABLE_OBJC_ARC = YES;
				CLANG_ENABLE_OBJC_WEAK = YES;
				CLANG_WARN_BLOCK_CAPTURE_AUTORELEASING = YES;
				CLANG_WARN_BOOL_CONVERSION = YES;
				CLANG_WARN_COMMA = YES;
				CLANG_WARN_CONSTANT_CONVERSION = YES;
				CLANG_WARN_DEPRECATED_OBJC_IMPLEMENTATIONS = YES;
				CLANG_WARN_DIRECT_OBJC_ISA_USAGE = YES_ERROR;
				CLANG_WARN_DOCUMENTATION_COMMENTS = YES;
				CLANG_WARN_EMPTY_BODY = YES;
				CLANG_WARN_ENUM_CONVERSION = YES;
				CLANG_WARN_INFINITE_RECURSION = YES;
				CLANG_WARN_INT_CONVERSION = YES;
				CLANG_WARN_NON_LITERAL_NULL_CONVERSION = YES;
				CLANG_WARN_OBJC_IMPLICIT_RETAIN_SELF = YES;
				CLANG_WARN_OBJC_LITERAL_CONVERSION = YES;
				CLANG_WARN_OBJC_ROOT_CLASS = YES_ERROR;
				CLANG_WARN_QUOTED_INCLUDE_IN_FRAMEWORK_HEADER = YES;
				CLANG_WARN_RANGE_LOOP_ANALYSIS = YES;
				CLANG_WARN_STRICT_PROTOTYPES = YES;
				CLANG_WARN_SUSPICIOUS_MOVE = YES;
				CLANG_WARN_UNGUARDED_AVAILABILITY = YES_AGGRESSIVE;
				CLANG_WARN_UNREACHABLE_CODE = YES;
				CLANG_WARN__DUPLICATE_METHOD_MATCH = YES;
				COPY_PHASE_STRIP = NO;
				DEBUG_INFORMATION_FORMAT = "dwarf-with-dsym";
				ENABLE_NS_ASSERTIONS = NO;
				ENABLE_STRICT_OBJC_MSGSEND = YES;
				GCC_C_LANGUAGE_STANDARD = gnu11;
				GCC_NO_COMMON_BLOCKS = YES;
				GCC_WARN_64_TO_32_BIT_CONVERSION = YES;
				GCC_WARN_ABOUT_RETURN_TYPE = YES_ERROR;
				GCC_WARN_UNDECLARED_SELECTOR = YES;
				GCC_WARN_UNINITIALIZED_AUTOS = YES_AGGRESSIVE;
				GCC_WARN_UNUSED_FUNCTION = YES;
				GCC_WARN_UNUSED_VARIABLE = YES;
				IPHONEOS_DEPLOYMENT_TARGET = 14.5;
				MTL_ENABLE_DEBUG_INFO = NO;
				MTL_FAST_MATH = YES;
				SDKROOT = iphoneos;
				VALIDATE_PRODUCT = YES;
			};
			name = Release;
		};
		71300B2B276719FC007AF322 /* Debug */ = {
			isa = XCBuildConfiguration;
			buildSettings = {
				ASSETCATALOG_COMPILER_APPICON_NAME = AppIcon;
				ASSETCATALOG_COMPILER_GLOBAL_ACCENT_COLOR_NAME = AccentColor;
				CODE_SIGN_STYLE = Automatic;
				DEVELOPMENT_TEAM = R4FHX8TX87;
				INFOPLIST_FILE = "多线程练习Demo/Info.plist";
				IPHONEOS_DEPLOYMENT_TARGET = 11.0;
				LD_RUNPATH_SEARCH_PATHS = (
					"$(inherited)",
					"@executable_path/Frameworks",
				);
				PRODUCT_BUNDLE_IDENTIFIER = "liuzhidong.-----Demo";
				PRODUCT_NAME = "$(TARGET_NAME)";
				TARGETED_DEVICE_FAMILY = "1,2";
			};
			name = Debug;
		};
		71300B2C276719FC007AF322 /* Release */ = {
			isa = XCBuildConfiguration;
			buildSettings = {
				ASSETCATALOG_COMPILER_APPICON_NAME = AppIcon;
				ASSETCATALOG_COMPILER_GLOBAL_ACCENT_COLOR_NAME = AccentColor;
				CODE_SIGN_STYLE = Automatic;
				DEVELOPMENT_TEAM = R4FHX8TX87;
				INFOPLIST_FILE = "多线程练习Demo/Info.plist";
				IPHONEOS_DEPLOYMENT_TARGET = 11.0;
				LD_RUNPATH_SEARCH_PATHS = (
					"$(inherited)",
					"@executable_path/Frameworks",
				);
				PRODUCT_BUNDLE_IDENTIFIER = "liuzhidong.-----Demo";
				PRODUCT_NAME = "$(TARGET_NAME)";
				TARGETED_DEVICE_FAMILY = "1,2";
			};
			name = Release;
		};
/* End XCBuildConfiguration section */

/* Begin XCConfigurationList section */
		71300B0C276719FB007AF322 /* Build configuration list for PBXProject "多线程练习Demo" */ = {
			isa = XCConfigurationList;
			buildConfigurations = (
				71300B28276719FC007AF322 /* Debug */,
				71300B29276719FC007AF322 /* Release */,
			);
			defaultConfigurationIsVisible = 0;
			defaultConfigurationName = Release;
		};
		71300B2A276719FC007AF322 /* Build configuration list for PBXNativeTarget "多线程练习Demo" */ = {
			isa = XCConfigurationList;
			buildConfigurations = (
				71300B2B276719FC007AF322 /* Debug */,
				71300B2C276719FC007AF322 /* Release */,
			);
			defaultConfigurationIsVisible = 0;
			defaultConfigurationName = Release;
		};
/* End XCConfigurationList section */
	};
	rootObject = 71300B09276719FB007AF322 /* Project object */;
}
